
Microsoft Visual Studio Solution File, Format Version 12.00
# Visual Studio 14
VisualStudioVersion = 14.0.25123.0
MinimumVisualStudioVersion = 10.0.40219.1
Project("{2150E333-8FDC-42A3-9474-1A3956D46DE8}") = "src", "src", "{09353A03-2B0C-496B-8EB1-2CB6A22D758B}"
EndProject
Project("{2150E333-8FDC-42A3-9474-1A3956D46DE8}") = "global", "global", "{F56DE080-6909-4DD0-983D-2BCAD849BE93}"
	ProjectSection(SolutionItems) = preProject
		global.json = global.json
	EndProjectSection
EndProject
Project("{2150E333-8FDC-42A3-9474-1A3956D46DE8}") = "test", "test", "{D140FA14-A6C2-4279-8A41-35BC55279DA8}"
EndProject
Project("{8BB2217D-0F2D-49D1-97BC-3654ED321F3B}") = "MyTested.AspNetCore.Mvc.Core", "src\MyTested.AspNetCore.Mvc.Core\MyTested.AspNetCore.Mvc.Core.xproj", "{88EFBA11-1207-46FB-B9A9-6701BCDF0A0B}"
EndProject
Project("{8BB2217D-0F2D-49D1-97BC-3654ED321F3B}") = "MyTested.AspNetCore.Mvc.Core.Test", "test\MyTested.AspNetCore.Mvc.Core.Test\MyTested.AspNetCore.Mvc.Core.Test.xproj", "{B0648E4E-8065-4EF8-BCFD-9E6D529E541A}"
EndProject
Project("{2150E333-8FDC-42A3-9474-1A3956D46DE8}") = "samples", "samples", "{88CC5098-E49F-4AA4-B964-1C2BF4ECA3C3}"
EndProject
Project("{2150E333-8FDC-42A3-9474-1A3956D46DE8}") = "MusicStore", "MusicStore", "{C46E6DFF-6805-4D89-8A24-ECF596E9D1AA}"
EndProject
Project("{8BB2217D-0F2D-49D1-97BC-3654ED321F3B}") = "MusicStore.Test", "samples\MusicStore\MusicStore.Test\MusicStore.Test.xproj", "{0A3A93A1-A79C-4D08-8ACE-6E72B30C3AB7}"
EndProject
Project("{8BB2217D-0F2D-49D1-97BC-3654ED321F3B}") = "MusicStore.Web", "samples\MusicStore\MusicStore.Web\MusicStore.Web.xproj", "{C1D5718B-935E-4465-99AE-04838DEEA708}"
EndProject
Project("{2150E333-8FDC-42A3-9474-1A3956D46DE8}") = "ApplicationParts", "ApplicationParts", "{607B2309-5C15-4876-BBE5-14F03EA375E5}"
EndProject
Project("{8BB2217D-0F2D-49D1-97BC-3654ED321F3B}") = "ApplicationParts.Web", "samples\ApplicationParts\ApplicationParts.Web\ApplicationParts.Web.xproj", "{6ACC2510-4853-4AD0-9FE7-8A926B33409A}"
EndProject
Project("{8BB2217D-0F2D-49D1-97BC-3654ED321F3B}") = "ApplicationParts.Controllers", "samples\ApplicationParts\ApplicationParts.Controllers\ApplicationParts.Controllers.xproj", "{CE9A4717-F92E-4B9D-B88B-B7085F063C6E}"
EndProject
Project("{8BB2217D-0F2D-49D1-97BC-3654ED321F3B}") = "ApplicationParts.Models", "samples\ApplicationParts\ApplicationParts.Models\ApplicationParts.Models.xproj", "{99C1966A-6BB5-4C27-B863-855013CA0D10}"
EndProject
Project("{8BB2217D-0F2D-49D1-97BC-3654ED321F3B}") = "ApplicationParts.Services", "samples\ApplicationParts\ApplicationParts.Services\ApplicationParts.Services.xproj", "{2637F973-7F84-4D7A-A4E3-FBE83B66257D}"
EndProject
Project("{8BB2217D-0F2D-49D1-97BC-3654ED321F3B}") = "ApplicationParts.Test", "samples\ApplicationParts\ApplicationParts.Test\ApplicationParts.Test.xproj", "{8B96E0BD-5924-4569-8FAD-94B066A0E0DD}"
EndProject
Project("{8BB2217D-0F2D-49D1-97BC-3654ED321F3B}") = "MyTested.AspNetCore.Mvc", "src\MyTested.AspNetCore.Mvc\MyTested.AspNetCore.Mvc.xproj", "{1D23FA04-02E1-4060-A8B6-B259EF984605}"
EndProject
Project("{8BB2217D-0F2D-49D1-97BC-3654ED321F3B}") = "MyTested.AspNetCore.Mvc.Session", "src\MyTested.AspNetCore.Mvc.Session\MyTested.AspNetCore.Mvc.Session.xproj", "{0B4F6BDB-A7E7-4E28-8866-E2730C8A1C6D}"
EndProject
Project("{8BB2217D-0F2D-49D1-97BC-3654ED321F3B}") = "MyTested.AspNetCore.Mvc.Session.Test", "test\MyTested.AspNetCore.Mvc.Session.Test\MyTested.AspNetCore.Mvc.Session.Test.xproj", "{895350D7-DCC2-431E-9A30-2E48A542E1E6}"
EndProject
Project("{8BB2217D-0F2D-49D1-97BC-3654ED321F3B}") = "MyTested.AspNetCore.Mvc.Test", "test\MyTested.AspNetCore.Mvc.Test\MyTested.AspNetCore.Mvc.Test.xproj", "{80D0C45D-CD5C-4EAA-92BF-0946022DAE76}"
EndProject
Project("{8BB2217D-0F2D-49D1-97BC-3654ED321F3B}") = "MyTested.AspNetCore.Mvc.Caching", "src\MyTested.AspNetCore.Mvc.Caching\MyTested.AspNetCore.Mvc.Caching.xproj", "{52BDD5F4-5EAA-462F-9F40-D5902AD3B0C2}"
EndProject
Project("{8BB2217D-0F2D-49D1-97BC-3654ED321F3B}") = "MyTested.AspNetCore.Mvc.Licensing", "src\MyTested.AspNetCore.Mvc.Licensing\MyTested.AspNetCore.Mvc.Licensing.xproj", "{E9ABDAE6-53B6-4880-9485-D9FB8756BFA9}"
EndProject
Project("{8BB2217D-0F2D-49D1-97BC-3654ED321F3B}") = "MyTested.AspNetCore.Mvc.Licensing.Test", "test\MyTested.AspNetCore.Mvc.Licensing.Test\MyTested.AspNetCore.Mvc.Licensing.Test.xproj", "{7D6EE44F-C8E6-4929-BDB8-6D2067FFA56E}"
EndProject
Project("{8BB2217D-0F2D-49D1-97BC-3654ED321F3B}") = "MyTested.AspNetCore.Mvc.ViewFeatures", "src\MyTested.AspNetCore.Mvc.ViewFeatures\MyTested.AspNetCore.Mvc.ViewFeatures.xproj", "{3315171D-AD61-4FFD-BE9D-503DBC477822}"
EndProject
Project("{8BB2217D-0F2D-49D1-97BC-3654ED321F3B}") = "MyTested.AspNetCore.Mvc.Caching.Test", "test\MyTested.AspNetCore.Mvc.Caching.Test\MyTested.AspNetCore.Mvc.Caching.Test.xproj", "{9C519326-85D8-440A-B64B-67797DBA2F20}"
EndProject
Project("{8BB2217D-0F2D-49D1-97BC-3654ED321F3B}") = "MyTested.AspNetCore.Mvc.ViewFeatures.Test", "test\MyTested.AspNetCore.Mvc.ViewFeatures.Test\MyTested.AspNetCore.Mvc.ViewFeatures.Test.xproj", "{1C8F2E0F-811A-42E4-B35A-FAAD19D8257A}"
EndProject
Project("{8BB2217D-0F2D-49D1-97BC-3654ED321F3B}") = "MyTested.AspNetCore.Mvc.DataAnnotations", "src\MyTested.AspNetCore.Mvc.DataAnnotations\MyTested.AspNetCore.Mvc.DataAnnotations.xproj", "{2C375C22-4710-438F-A4C2-325C7D091710}"
EndProject
Project("{8BB2217D-0F2D-49D1-97BC-3654ED321F3B}") = "MyTested.AspNetCore.Mvc.DataAnnotations.Test", "test\MyTested.AspNetCore.Mvc.DataAnnotations.Test\MyTested.AspNetCore.Mvc.DataAnnotations.Test.xproj", "{BAAAAB60-49AE-4BFE-B176-408C86746474}"
EndProject
Project("{8BB2217D-0F2D-49D1-97BC-3654ED321F3B}") = "MyTested.AspNetCore.Mvc.EntityFrameworkCore", "src\MyTested.AspNetCore.Mvc.EntityFrameworkCore\MyTested.AspNetCore.Mvc.EntityFrameworkCore.xproj", "{0BE034FD-B68B-4D52-A0C5-29BCDBF543DC}"
EndProject
Project("{8BB2217D-0F2D-49D1-97BC-3654ED321F3B}") = "MyTested.AspNetCore.Mvc.EntityFrameworkCore.Test", "test\MyTested.AspNetCore.Mvc.EntityFrameworkCore.Test\MyTested.AspNetCore.Mvc.EntityFrameworkCore.Test.xproj", "{285E08F2-2E5A-4226-B867-FD3DF7C52053}"
EndProject
Global
	GlobalSection(SolutionConfigurationPlatforms) = preSolution
		Debug|Any CPU = Debug|Any CPU
		Release|Any CPU = Release|Any CPU
	EndGlobalSection
	GlobalSection(ProjectConfigurationPlatforms) = postSolution
		{88EFBA11-1207-46FB-B9A9-6701BCDF0A0B}.Debug|Any CPU.ActiveCfg = Debug|Any CPU
		{88EFBA11-1207-46FB-B9A9-6701BCDF0A0B}.Debug|Any CPU.Build.0 = Debug|Any CPU
		{88EFBA11-1207-46FB-B9A9-6701BCDF0A0B}.Release|Any CPU.ActiveCfg = Release|Any CPU
		{88EFBA11-1207-46FB-B9A9-6701BCDF0A0B}.Release|Any CPU.Build.0 = Release|Any CPU
		{B0648E4E-8065-4EF8-BCFD-9E6D529E541A}.Debug|Any CPU.ActiveCfg = Debug|Any CPU
		{B0648E4E-8065-4EF8-BCFD-9E6D529E541A}.Debug|Any CPU.Build.0 = Debug|Any CPU
		{B0648E4E-8065-4EF8-BCFD-9E6D529E541A}.Release|Any CPU.ActiveCfg = Release|Any CPU
		{B0648E4E-8065-4EF8-BCFD-9E6D529E541A}.Release|Any CPU.Build.0 = Release|Any CPU
		{0A3A93A1-A79C-4D08-8ACE-6E72B30C3AB7}.Debug|Any CPU.ActiveCfg = Debug|Any CPU
		{0A3A93A1-A79C-4D08-8ACE-6E72B30C3AB7}.Debug|Any CPU.Build.0 = Debug|Any CPU
		{0A3A93A1-A79C-4D08-8ACE-6E72B30C3AB7}.Release|Any CPU.ActiveCfg = Release|Any CPU
		{0A3A93A1-A79C-4D08-8ACE-6E72B30C3AB7}.Release|Any CPU.Build.0 = Release|Any CPU
		{C1D5718B-935E-4465-99AE-04838DEEA708}.Debug|Any CPU.ActiveCfg = Debug|Any CPU
		{C1D5718B-935E-4465-99AE-04838DEEA708}.Debug|Any CPU.Build.0 = Debug|Any CPU
		{C1D5718B-935E-4465-99AE-04838DEEA708}.Release|Any CPU.ActiveCfg = Release|Any CPU
		{C1D5718B-935E-4465-99AE-04838DEEA708}.Release|Any CPU.Build.0 = Release|Any CPU
		{6ACC2510-4853-4AD0-9FE7-8A926B33409A}.Debug|Any CPU.ActiveCfg = Debug|Any CPU
		{6ACC2510-4853-4AD0-9FE7-8A926B33409A}.Debug|Any CPU.Build.0 = Debug|Any CPU
		{6ACC2510-4853-4AD0-9FE7-8A926B33409A}.Release|Any CPU.ActiveCfg = Release|Any CPU
		{6ACC2510-4853-4AD0-9FE7-8A926B33409A}.Release|Any CPU.Build.0 = Release|Any CPU
		{CE9A4717-F92E-4B9D-B88B-B7085F063C6E}.Debug|Any CPU.ActiveCfg = Debug|Any CPU
		{CE9A4717-F92E-4B9D-B88B-B7085F063C6E}.Debug|Any CPU.Build.0 = Debug|Any CPU
		{CE9A4717-F92E-4B9D-B88B-B7085F063C6E}.Release|Any CPU.ActiveCfg = Release|Any CPU
		{CE9A4717-F92E-4B9D-B88B-B7085F063C6E}.Release|Any CPU.Build.0 = Release|Any CPU
		{99C1966A-6BB5-4C27-B863-855013CA0D10}.Debug|Any CPU.ActiveCfg = Debug|Any CPU
		{99C1966A-6BB5-4C27-B863-855013CA0D10}.Debug|Any CPU.Build.0 = Debug|Any CPU
		{99C1966A-6BB5-4C27-B863-855013CA0D10}.Release|Any CPU.ActiveCfg = Release|Any CPU
		{99C1966A-6BB5-4C27-B863-855013CA0D10}.Release|Any CPU.Build.0 = Release|Any CPU
		{2637F973-7F84-4D7A-A4E3-FBE83B66257D}.Debug|Any CPU.ActiveCfg = Debug|Any CPU
		{2637F973-7F84-4D7A-A4E3-FBE83B66257D}.Debug|Any CPU.Build.0 = Debug|Any CPU
		{2637F973-7F84-4D7A-A4E3-FBE83B66257D}.Release|Any CPU.ActiveCfg = Release|Any CPU
		{2637F973-7F84-4D7A-A4E3-FBE83B66257D}.Release|Any CPU.Build.0 = Release|Any CPU
		{8B96E0BD-5924-4569-8FAD-94B066A0E0DD}.Debug|Any CPU.ActiveCfg = Debug|Any CPU
		{8B96E0BD-5924-4569-8FAD-94B066A0E0DD}.Debug|Any CPU.Build.0 = Debug|Any CPU
		{8B96E0BD-5924-4569-8FAD-94B066A0E0DD}.Release|Any CPU.ActiveCfg = Release|Any CPU
		{8B96E0BD-5924-4569-8FAD-94B066A0E0DD}.Release|Any CPU.Build.0 = Release|Any CPU
		{1D23FA04-02E1-4060-A8B6-B259EF984605}.Debug|Any CPU.ActiveCfg = Debug|Any CPU
		{1D23FA04-02E1-4060-A8B6-B259EF984605}.Debug|Any CPU.Build.0 = Debug|Any CPU
		{1D23FA04-02E1-4060-A8B6-B259EF984605}.Release|Any CPU.ActiveCfg = Release|Any CPU
		{1D23FA04-02E1-4060-A8B6-B259EF984605}.Release|Any CPU.Build.0 = Release|Any CPU
		{0B4F6BDB-A7E7-4E28-8866-E2730C8A1C6D}.Debug|Any CPU.ActiveCfg = Debug|Any CPU
		{0B4F6BDB-A7E7-4E28-8866-E2730C8A1C6D}.Debug|Any CPU.Build.0 = Debug|Any CPU
		{0B4F6BDB-A7E7-4E28-8866-E2730C8A1C6D}.Release|Any CPU.ActiveCfg = Release|Any CPU
		{0B4F6BDB-A7E7-4E28-8866-E2730C8A1C6D}.Release|Any CPU.Build.0 = Release|Any CPU
		{895350D7-DCC2-431E-9A30-2E48A542E1E6}.Debug|Any CPU.ActiveCfg = Debug|Any CPU
		{895350D7-DCC2-431E-9A30-2E48A542E1E6}.Debug|Any CPU.Build.0 = Debug|Any CPU
		{895350D7-DCC2-431E-9A30-2E48A542E1E6}.Release|Any CPU.ActiveCfg = Release|Any CPU
		{895350D7-DCC2-431E-9A30-2E48A542E1E6}.Release|Any CPU.Build.0 = Release|Any CPU
		{80D0C45D-CD5C-4EAA-92BF-0946022DAE76}.Debug|Any CPU.ActiveCfg = Debug|Any CPU
		{80D0C45D-CD5C-4EAA-92BF-0946022DAE76}.Debug|Any CPU.Build.0 = Debug|Any CPU
		{80D0C45D-CD5C-4EAA-92BF-0946022DAE76}.Release|Any CPU.ActiveCfg = Release|Any CPU
		{80D0C45D-CD5C-4EAA-92BF-0946022DAE76}.Release|Any CPU.Build.0 = Release|Any CPU
		{52BDD5F4-5EAA-462F-9F40-D5902AD3B0C2}.Debug|Any CPU.ActiveCfg = Debug|Any CPU
		{52BDD5F4-5EAA-462F-9F40-D5902AD3B0C2}.Debug|Any CPU.Build.0 = Debug|Any CPU
		{52BDD5F4-5EAA-462F-9F40-D5902AD3B0C2}.Release|Any CPU.ActiveCfg = Release|Any CPU
		{52BDD5F4-5EAA-462F-9F40-D5902AD3B0C2}.Release|Any CPU.Build.0 = Release|Any CPU
		{E9ABDAE6-53B6-4880-9485-D9FB8756BFA9}.Debug|Any CPU.ActiveCfg = Debug|Any CPU
		{E9ABDAE6-53B6-4880-9485-D9FB8756BFA9}.Debug|Any CPU.Build.0 = Debug|Any CPU
		{E9ABDAE6-53B6-4880-9485-D9FB8756BFA9}.Release|Any CPU.ActiveCfg = Release|Any CPU
		{E9ABDAE6-53B6-4880-9485-D9FB8756BFA9}.Release|Any CPU.Build.0 = Release|Any CPU
		{7D6EE44F-C8E6-4929-BDB8-6D2067FFA56E}.Debug|Any CPU.ActiveCfg = Debug|Any CPU
		{7D6EE44F-C8E6-4929-BDB8-6D2067FFA56E}.Debug|Any CPU.Build.0 = Debug|Any CPU
		{7D6EE44F-C8E6-4929-BDB8-6D2067FFA56E}.Release|Any CPU.ActiveCfg = Release|Any CPU
		{7D6EE44F-C8E6-4929-BDB8-6D2067FFA56E}.Release|Any CPU.Build.0 = Release|Any CPU
		{3315171D-AD61-4FFD-BE9D-503DBC477822}.Debug|Any CPU.ActiveCfg = Debug|Any CPU
		{3315171D-AD61-4FFD-BE9D-503DBC477822}.Debug|Any CPU.Build.0 = Debug|Any CPU
		{3315171D-AD61-4FFD-BE9D-503DBC477822}.Release|Any CPU.ActiveCfg = Release|Any CPU
		{3315171D-AD61-4FFD-BE9D-503DBC477822}.Release|Any CPU.Build.0 = Release|Any CPU
		{9C519326-85D8-440A-B64B-67797DBA2F20}.Debug|Any CPU.ActiveCfg = Debug|Any CPU
		{9C519326-85D8-440A-B64B-67797DBA2F20}.Debug|Any CPU.Build.0 = Debug|Any CPU
		{9C519326-85D8-440A-B64B-67797DBA2F20}.Release|Any CPU.ActiveCfg = Release|Any CPU
		{9C519326-85D8-440A-B64B-67797DBA2F20}.Release|Any CPU.Build.0 = Release|Any CPU
		{1C8F2E0F-811A-42E4-B35A-FAAD19D8257A}.Debug|Any CPU.ActiveCfg = Debug|Any CPU
		{1C8F2E0F-811A-42E4-B35A-FAAD19D8257A}.Debug|Any CPU.Build.0 = Debug|Any CPU
		{1C8F2E0F-811A-42E4-B35A-FAAD19D8257A}.Release|Any CPU.ActiveCfg = Release|Any CPU
		{1C8F2E0F-811A-42E4-B35A-FAAD19D8257A}.Release|Any CPU.Build.0 = Release|Any CPU
		{2C375C22-4710-438F-A4C2-325C7D091710}.Debug|Any CPU.ActiveCfg = Debug|Any CPU
		{2C375C22-4710-438F-A4C2-325C7D091710}.Debug|Any CPU.Build.0 = Debug|Any CPU
		{2C375C22-4710-438F-A4C2-325C7D091710}.Release|Any CPU.ActiveCfg = Release|Any CPU
		{2C375C22-4710-438F-A4C2-325C7D091710}.Release|Any CPU.Build.0 = Release|Any CPU
		{BAAAAB60-49AE-4BFE-B176-408C86746474}.Debug|Any CPU.ActiveCfg = Debug|Any CPU
		{BAAAAB60-49AE-4BFE-B176-408C86746474}.Debug|Any CPU.Build.0 = Debug|Any CPU
		{BAAAAB60-49AE-4BFE-B176-408C86746474}.Release|Any CPU.ActiveCfg = Release|Any CPU
		{BAAAAB60-49AE-4BFE-B176-408C86746474}.Release|Any CPU.Build.0 = Release|Any CPU
		{0BE034FD-B68B-4D52-A0C5-29BCDBF543DC}.Debug|Any CPU.ActiveCfg = Debug|Any CPU
		{0BE034FD-B68B-4D52-A0C5-29BCDBF543DC}.Debug|Any CPU.Build.0 = Debug|Any CPU
		{0BE034FD-B68B-4D52-A0C5-29BCDBF543DC}.Release|Any CPU.ActiveCfg = Release|Any CPU
		{0BE034FD-B68B-4D52-A0C5-29BCDBF543DC}.Release|Any CPU.Build.0 = Release|Any CPU
		{285E08F2-2E5A-4226-B867-FD3DF7C52053}.Debug|Any CPU.ActiveCfg = Debug|Any CPU
		{285E08F2-2E5A-4226-B867-FD3DF7C52053}.Debug|Any CPU.Build.0 = Debug|Any CPU
		{285E08F2-2E5A-4226-B867-FD3DF7C52053}.Release|Any CPU.ActiveCfg = Release|Any CPU
		{285E08F2-2E5A-4226-B867-FD3DF7C52053}.Release|Any CPU.Build.0 = Release|Any CPU
	EndGlobalSection
	GlobalSection(SolutionProperties) = preSolution
		HideSolutionNode = FALSE
	EndGlobalSection
	GlobalSection(NestedProjects) = preSolution
		{88EFBA11-1207-46FB-B9A9-6701BCDF0A0B} = {09353A03-2B0C-496B-8EB1-2CB6A22D758B}
		{B0648E4E-8065-4EF8-BCFD-9E6D529E541A} = {D140FA14-A6C2-4279-8A41-35BC55279DA8}
		{C46E6DFF-6805-4D89-8A24-ECF596E9D1AA} = {88CC5098-E49F-4AA4-B964-1C2BF4ECA3C3}
		{0A3A93A1-A79C-4D08-8ACE-6E72B30C3AB7} = {C46E6DFF-6805-4D89-8A24-ECF596E9D1AA}
		{C1D5718B-935E-4465-99AE-04838DEEA708} = {C46E6DFF-6805-4D89-8A24-ECF596E9D1AA}
		{607B2309-5C15-4876-BBE5-14F03EA375E5} = {88CC5098-E49F-4AA4-B964-1C2BF4ECA3C3}
		{6ACC2510-4853-4AD0-9FE7-8A926B33409A} = {607B2309-5C15-4876-BBE5-14F03EA375E5}
		{CE9A4717-F92E-4B9D-B88B-B7085F063C6E} = {607B2309-5C15-4876-BBE5-14F03EA375E5}
		{99C1966A-6BB5-4C27-B863-855013CA0D10} = {607B2309-5C15-4876-BBE5-14F03EA375E5}
		{2637F973-7F84-4D7A-A4E3-FBE83B66257D} = {607B2309-5C15-4876-BBE5-14F03EA375E5}
		{8B96E0BD-5924-4569-8FAD-94B066A0E0DD} = {607B2309-5C15-4876-BBE5-14F03EA375E5}
		{1D23FA04-02E1-4060-A8B6-B259EF984605} = {09353A03-2B0C-496B-8EB1-2CB6A22D758B}
		{0B4F6BDB-A7E7-4E28-8866-E2730C8A1C6D} = {09353A03-2B0C-496B-8EB1-2CB6A22D758B}
		{895350D7-DCC2-431E-9A30-2E48A542E1E6} = {D140FA14-A6C2-4279-8A41-35BC55279DA8}
		{80D0C45D-CD5C-4EAA-92BF-0946022DAE76} = {D140FA14-A6C2-4279-8A41-35BC55279DA8}
		{52BDD5F4-5EAA-462F-9F40-D5902AD3B0C2} = {09353A03-2B0C-496B-8EB1-2CB6A22D758B}
		{E9ABDAE6-53B6-4880-9485-D9FB8756BFA9} = {09353A03-2B0C-496B-8EB1-2CB6A22D758B}
		{7D6EE44F-C8E6-4929-BDB8-6D2067FFA56E} = {D140FA14-A6C2-4279-8A41-35BC55279DA8}
		{3315171D-AD61-4FFD-BE9D-503DBC477822} = {09353A03-2B0C-496B-8EB1-2CB6A22D758B}
		{9C519326-85D8-440A-B64B-67797DBA2F20} = {D140FA14-A6C2-4279-8A41-35BC55279DA8}
		{1C8F2E0F-811A-42E4-B35A-FAAD19D8257A} = {D140FA14-A6C2-4279-8A41-35BC55279DA8}
		{2C375C22-4710-438F-A4C2-325C7D091710} = {09353A03-2B0C-496B-8EB1-2CB6A22D758B}
		{BAAAAB60-49AE-4BFE-B176-408C86746474} = {D140FA14-A6C2-4279-8A41-35BC55279DA8}
		{0BE034FD-B68B-4D52-A0C5-29BCDBF543DC} = {09353A03-2B0C-496B-8EB1-2CB6A22D758B}
		{285E08F2-2E5A-4226-B867-FD3DF7C52053} = {D140FA14-A6C2-4279-8A41-35BC55279DA8}
	EndGlobalSection
EndGlobal
