
Microsoft Visual Studio Solution File, Format Version 12.00
# Visual Studio 14
VisualStudioVersion = 14.0.25420.1
MinimumVisualStudioVersion = 10.0.40219.1
Project("{2150E333-8FDC-42A3-9474-1A3956D46DE8}") = "src", "src", "{09353A03-2B0C-496B-8EB1-2CB6A22D758B}"
EndProject
Project("{2150E333-8FDC-42A3-9474-1A3956D46DE8}") = "global", "global", "{F56DE080-6909-4DD0-983D-2BCAD849BE93}"
	ProjectSection(SolutionItems) = preProject
		global.json = global.json
	EndProjectSection
EndProject
Project("{2150E333-8FDC-42A3-9474-1A3956D46DE8}") = "test", "test", "{D140FA14-A6C2-4279-8A41-35BC55279DA8}"
EndProject
Project("{8BB2217D-0F2D-49D1-97BC-3654ED321F3B}") = "MyTested.AspNetCore.Mvc.Core", "src\MyTested.AspNetCore.Mvc.Core\MyTested.AspNetCore.Mvc.Core.xproj", "{88EFBA11-1207-46FB-B9A9-6701BCDF0A0B}"
EndProject
Project("{8BB2217D-0F2D-49D1-97BC-3654ED321F3B}") = "MyTested.AspNetCore.Mvc.Core.Test", "test\MyTested.AspNetCore.Mvc.Core.Test\MyTested.AspNetCore.Mvc.Core.Test.xproj", "{B0648E4E-8065-4EF8-BCFD-9E6D529E541A}"
EndProject
Project("{2150E333-8FDC-42A3-9474-1A3956D46DE8}") = "samples", "samples", "{88CC5098-E49F-4AA4-B964-1C2BF4ECA3C3}"
EndProject
Project("{2150E333-8FDC-42A3-9474-1A3956D46DE8}") = "MusicStore", "MusicStore", "{C46E6DFF-6805-4D89-8A24-ECF596E9D1AA}"
EndProject
Project("{8BB2217D-0F2D-49D1-97BC-3654ED321F3B}") = "MusicStore.Test", "samples\MusicStore\MusicStore.Test\MusicStore.Test.xproj", "{0A3A93A1-A79C-4D08-8ACE-6E72B30C3AB7}"
EndProject
Project("{8BB2217D-0F2D-49D1-97BC-3654ED321F3B}") = "MusicStore.Web", "samples\MusicStore\MusicStore.Web\MusicStore.Web.xproj", "{C1D5718B-935E-4465-99AE-04838DEEA708}"
EndProject
Project("{2150E333-8FDC-42A3-9474-1A3956D46DE8}") = "ApplicationParts", "ApplicationParts", "{607B2309-5C15-4876-BBE5-14F03EA375E5}"
EndProject
Project("{8BB2217D-0F2D-49D1-97BC-3654ED321F3B}") = "ApplicationParts.Web", "samples\ApplicationParts\ApplicationParts.Web\ApplicationParts.Web.xproj", "{6ACC2510-4853-4AD0-9FE7-8A926B33409A}"
EndProject
Project("{8BB2217D-0F2D-49D1-97BC-3654ED321F3B}") = "ApplicationParts.Controllers", "samples\ApplicationParts\ApplicationParts.Controllers\ApplicationParts.Controllers.xproj", "{CE9A4717-F92E-4B9D-B88B-B7085F063C6E}"
EndProject
Project("{8BB2217D-0F2D-49D1-97BC-3654ED321F3B}") = "ApplicationParts.Models", "samples\ApplicationParts\ApplicationParts.Models\ApplicationParts.Models.xproj", "{99C1966A-6BB5-4C27-B863-855013CA0D10}"
EndProject
Project("{8BB2217D-0F2D-49D1-97BC-3654ED321F3B}") = "ApplicationParts.Services", "samples\ApplicationParts\ApplicationParts.Services\ApplicationParts.Services.xproj", "{2637F973-7F84-4D7A-A4E3-FBE83B66257D}"
EndProject
Project("{8BB2217D-0F2D-49D1-97BC-3654ED321F3B}") = "ApplicationParts.Test", "samples\ApplicationParts\ApplicationParts.Test\ApplicationParts.Test.xproj", "{8B96E0BD-5924-4569-8FAD-94B066A0E0DD}"
EndProject
Project("{8BB2217D-0F2D-49D1-97BC-3654ED321F3B}") = "MyTested.AspNetCore.Mvc", "src\MyTested.AspNetCore.Mvc\MyTested.AspNetCore.Mvc.xproj", "{1D23FA04-02E1-4060-A8B6-B259EF984605}"
EndProject
Project("{8BB2217D-0F2D-49D1-97BC-3654ED321F3B}") = "MyTested.AspNetCore.Mvc.Session", "src\MyTested.AspNetCore.Mvc.Session\MyTested.AspNetCore.Mvc.Session.xproj", "{0B4F6BDB-A7E7-4E28-8866-E2730C8A1C6D}"
EndProject
Project("{8BB2217D-0F2D-49D1-97BC-3654ED321F3B}") = "MyTested.AspNetCore.Mvc.Session.Test", "test\MyTested.AspNetCore.Mvc.Session.Test\MyTested.AspNetCore.Mvc.Session.Test.xproj", "{895350D7-DCC2-431E-9A30-2E48A542E1E6}"
EndProject
Project("{8BB2217D-0F2D-49D1-97BC-3654ED321F3B}") = "MyTested.AspNetCore.Mvc.Test", "test\MyTested.AspNetCore.Mvc.Test\MyTested.AspNetCore.Mvc.Test.xproj", "{80D0C45D-CD5C-4EAA-92BF-0946022DAE76}"
EndProject
Project("{8BB2217D-0F2D-49D1-97BC-3654ED321F3B}") = "MyTested.AspNetCore.Mvc.Caching", "src\MyTested.AspNetCore.Mvc.Caching\MyTested.AspNetCore.Mvc.Caching.xproj", "{52BDD5F4-5EAA-462F-9F40-D5902AD3B0C2}"
EndProject
Project("{8BB2217D-0F2D-49D1-97BC-3654ED321F3B}") = "MyTested.AspNetCore.Mvc.Licensing", "src\MyTested.AspNetCore.Mvc.Licensing\MyTested.AspNetCore.Mvc.Licensing.xproj", "{E9ABDAE6-53B6-4880-9485-D9FB8756BFA9}"
EndProject
Project("{8BB2217D-0F2D-49D1-97BC-3654ED321F3B}") = "MyTested.AspNetCore.Mvc.Licensing.Test", "test\MyTested.AspNetCore.Mvc.Licensing.Test\MyTested.AspNetCore.Mvc.Licensing.Test.xproj", "{7D6EE44F-C8E6-4929-BDB8-6D2067FFA56E}"
EndProject
Project("{8BB2217D-0F2D-49D1-97BC-3654ED321F3B}") = "MyTested.AspNetCore.Mvc.ViewFeatures", "src\MyTested.AspNetCore.Mvc.ViewFeatures\MyTested.AspNetCore.Mvc.ViewFeatures.xproj", "{3315171D-AD61-4FFD-BE9D-503DBC477822}"
EndProject
Project("{8BB2217D-0F2D-49D1-97BC-3654ED321F3B}") = "MyTested.AspNetCore.Mvc.Caching.Test", "test\MyTested.AspNetCore.Mvc.Caching.Test\MyTested.AspNetCore.Mvc.Caching.Test.xproj", "{9C519326-85D8-440A-B64B-67797DBA2F20}"
EndProject
Project("{8BB2217D-0F2D-49D1-97BC-3654ED321F3B}") = "MyTested.AspNetCore.Mvc.ViewFeatures.Test", "test\MyTested.AspNetCore.Mvc.ViewFeatures.Test\MyTested.AspNetCore.Mvc.ViewFeatures.Test.xproj", "{1C8F2E0F-811A-42E4-B35A-FAAD19D8257A}"
EndProject
Project("{8BB2217D-0F2D-49D1-97BC-3654ED321F3B}") = "MyTested.AspNetCore.Mvc.DataAnnotations", "src\MyTested.AspNetCore.Mvc.DataAnnotations\MyTested.AspNetCore.Mvc.DataAnnotations.xproj", "{2C375C22-4710-438F-A4C2-325C7D091710}"
EndProject
Project("{8BB2217D-0F2D-49D1-97BC-3654ED321F3B}") = "MyTested.AspNetCore.Mvc.DataAnnotations.Test", "test\MyTested.AspNetCore.Mvc.DataAnnotations.Test\MyTested.AspNetCore.Mvc.DataAnnotations.Test.xproj", "{BAAAAB60-49AE-4BFE-B176-408C86746474}"
EndProject
Project("{8BB2217D-0F2D-49D1-97BC-3654ED321F3B}") = "MyTested.AspNetCore.Mvc.EntityFrameworkCore", "src\MyTested.AspNetCore.Mvc.EntityFrameworkCore\MyTested.AspNetCore.Mvc.EntityFrameworkCore.xproj", "{0BE034FD-B68B-4D52-A0C5-29BCDBF543DC}"
EndProject
Project("{8BB2217D-0F2D-49D1-97BC-3654ED321F3B}") = "MyTested.AspNetCore.Mvc.EntityFrameworkCore.Test", "test\MyTested.AspNetCore.Mvc.EntityFrameworkCore.Test\MyTested.AspNetCore.Mvc.EntityFrameworkCore.Test.xproj", "{285E08F2-2E5A-4226-B867-FD3DF7C52053}"
EndProject
Project("{8BB2217D-0F2D-49D1-97BC-3654ED321F3B}") = "MyTested.AspNetCore.Mvc.Options", "src\MyTested.AspNetCore.Mvc.Options\MyTested.AspNetCore.Mvc.Options.xproj", "{ACE92892-8F86-44B1-8F78-3B1F8DDE7DD4}"
EndProject
Project("{8BB2217D-0F2D-49D1-97BC-3654ED321F3B}") = "MyTested.AspNetCore.Mvc.Options.Test", "test\MyTested.AspNetCore.Mvc.Options.Test\MyTested.AspNetCore.Mvc.Options.Test.xproj", "{1309FBA5-F93D-4F4B-9819-63D298B837FF}"
EndProject
Project("{8BB2217D-0F2D-49D1-97BC-3654ED321F3B}") = "MyTested.AspNetCore.Mvc.Abstractions", "src\MyTested.AspNetCore.Mvc.Abstractions\MyTested.AspNetCore.Mvc.Abstractions.xproj", "{0346A33A-BB28-4F3C-B788-2CF8C00CA048}"
EndProject
Project("{8BB2217D-0F2D-49D1-97BC-3654ED321F3B}") = "MyTested.AspNetCore.Mvc.Configuration", "src\MyTested.AspNetCore.Mvc.Configuration\MyTested.AspNetCore.Mvc.Configuration.xproj", "{C4D78D04-D99C-48D7-9339-1E2D0F616A4C}"
EndProject
Project("{8BB2217D-0F2D-49D1-97BC-3654ED321F3B}") = "MyTested.AspNetCore.Mvc.Http", "src\MyTested.AspNetCore.Mvc.Http\MyTested.AspNetCore.Mvc.Http.xproj", "{5B60F95F-8A87-4166-8C75-1328E7063365}"
EndProject
Project("{8BB2217D-0F2D-49D1-97BC-3654ED321F3B}") = "MyTested.AspNetCore.Mvc.Routing", "src\MyTested.AspNetCore.Mvc.Routing\MyTested.AspNetCore.Mvc.Routing.xproj", "{2101DDC1-36A4-4D4E-A4D8-EF24D47116A4}"
EndProject
Project("{8BB2217D-0F2D-49D1-97BC-3654ED321F3B}") = "MyTested.AspNetCore.Mvc.Authentication", "src\MyTested.AspNetCore.Mvc.Authentication\MyTested.AspNetCore.Mvc.Authentication.xproj", "{18B6C20B-9C4B-4444-AD61-8DAF57012599}"
EndProject
Project("{8BB2217D-0F2D-49D1-97BC-3654ED321F3B}") = "MyTested.AspNetCore.Mvc.Controllers", "src\MyTested.AspNetCore.Mvc.Controllers\MyTested.AspNetCore.Mvc.Controllers.xproj", "{9B2A773E-3A37-44F3-83D0-5D156526FA84}"
EndProject
Project("{8BB2217D-0F2D-49D1-97BC-3654ED321F3B}") = "MyTested.AspNetCore.Mvc.DependencyInjection", "src\MyTested.AspNetCore.Mvc.DependencyInjection\MyTested.AspNetCore.Mvc.DependencyInjection.xproj", "{C15BB589-9421-4D9C-A26D-61FF1BCD17AC}"
EndProject
Project("{8BB2217D-0F2D-49D1-97BC-3654ED321F3B}") = "MyTested.AspNetCore.Mvc.Test.Setups", "test\MyTested.AspNetCore.Mvc.Test.Setups\MyTested.AspNetCore.Mvc.Test.Setups.xproj", "{3F114973-4E8D-4E90-88E8-EA681D6978BD}"
EndProject
Project("{8BB2217D-0F2D-49D1-97BC-3654ED321F3B}") = "MyTested.AspNetCore.Mvc.Abstractions.Test", "test\MyTested.AspNetCore.Mvc.Abstractions.Test\MyTested.AspNetCore.Mvc.Abstractions.Test.xproj", "{28610D5E-173A-4A36-8E6E-C5CEFEBDD2B9}"
EndProject
Project("{8BB2217D-0F2D-49D1-97BC-3654ED321F3B}") = "MyTested.AspNetCore.Mvc.Authentication.Test", "test\MyTested.AspNetCore.Mvc.Authentication.Test\MyTested.AspNetCore.Mvc.Authentication.Test.xproj", "{6DD2FCA0-A52B-4BBB-A9A5-785461AB481C}"
EndProject
Project("{8BB2217D-0F2D-49D1-97BC-3654ED321F3B}") = "MyTested.AspNetCore.Mvc.Configuration.Test", "test\MyTested.AspNetCore.Mvc.Configuration.Test\MyTested.AspNetCore.Mvc.Configuration.Test.xproj", "{8D626A3C-55CD-4FAF-B10E-E6771E33B764}"
EndProject
Project("{8BB2217D-0F2D-49D1-97BC-3654ED321F3B}") = "MyTested.AspNetCore.Mvc.Controllers.Test", "test\MyTested.AspNetCore.Mvc.Controllers.Test\MyTested.AspNetCore.Mvc.Controllers.Test.xproj", "{55B3D29C-624E-47EA-8F36-22515181A618}"
EndProject
Project("{8BB2217D-0F2D-49D1-97BC-3654ED321F3B}") = "MyTested.AspNetCore.Mvc.DependencyInjection.Test", "test\MyTested.AspNetCore.Mvc.DependencyInjection.Test\MyTested.AspNetCore.Mvc.DependencyInjection.Test.xproj", "{41E51D79-AC4A-42A3-A55D-912DDB6F0FA9}"
EndProject
Project("{8BB2217D-0F2D-49D1-97BC-3654ED321F3B}") = "MyTested.AspNetCore.Mvc.Http.Test", "test\MyTested.AspNetCore.Mvc.Http.Test\MyTested.AspNetCore.Mvc.Http.Test.xproj", "{D9F6A7BB-6E8E-4983-8007-3BC0D23016D0}"
EndProject
Project("{8BB2217D-0F2D-49D1-97BC-3654ED321F3B}") = "MyTested.AspNetCore.Mvc.Routing.Test", "test\MyTested.AspNetCore.Mvc.Routing.Test\MyTested.AspNetCore.Mvc.Routing.Test.xproj", "{56348217-F55C-4C61-8779-B94C009DC4BE}"
EndProject
Project("{8BB2217D-0F2D-49D1-97BC-3654ED321F3B}") = "MyTested.AspNetCore.Mvc.ViewActionResults", "src\MyTested.AspNetCore.Mvc.ViewActionResults\MyTested.AspNetCore.Mvc.ViewActionResults.xproj", "{9050F562-C77C-471E-8968-FAF2ED4E6F28}"
EndProject
Project("{8BB2217D-0F2D-49D1-97BC-3654ED321F3B}") = "MyTested.AspNetCore.Mvc.ViewActionResults.Test", "test\MyTested.AspNetCore.Mvc.ViewActionResults.Test\MyTested.AspNetCore.Mvc.ViewActionResults.Test.xproj", "{0FE597F3-3495-440A-A16C-AC1F01CC7C89}"
EndProject
Project("{8BB2217D-0F2D-49D1-97BC-3654ED321F3B}") = "MyTested.AspNetCore.Mvc.TempData", "src\MyTested.AspNetCore.Mvc.TempData\MyTested.AspNetCore.Mvc.TempData.xproj", "{64DB9A46-8DC1-4DE6-99EB-939A015DA2AD}"
EndProject
Project("{8BB2217D-0F2D-49D1-97BC-3654ED321F3B}") = "MyTested.AspNetCore.Mvc.TempData.Test", "test\MyTested.AspNetCore.Mvc.TempData.Test\MyTested.AspNetCore.Mvc.TempData.Test.xproj", "{DE25BE38-9AF4-4BB4-A12A-B2FB1D5D8C75}"
EndProject
Project("{8BB2217D-0F2D-49D1-97BC-3654ED321F3B}") = "MyTested.AspNetCore.Mvc.ViewData", "src\MyTested.AspNetCore.Mvc.ViewData\MyTested.AspNetCore.Mvc.ViewData.xproj", "{86D4B1F6-3ACA-415E-A3C5-1DF3648F1EDC}"
EndProject
Project("{8BB2217D-0F2D-49D1-97BC-3654ED321F3B}") = "MyTested.AspNetCore.Mvc.ViewData.Test", "test\MyTested.AspNetCore.Mvc.ViewData.Test\MyTested.AspNetCore.Mvc.ViewData.Test.xproj", "{C5B868E3-3428-42CB-B628-DF11A5F1B882}"
EndProject
Global
	GlobalSection(SolutionConfigurationPlatforms) = preSolution
		Debug|Any CPU = Debug|Any CPU
		Release|Any CPU = Release|Any CPU
	EndGlobalSection
	GlobalSection(ProjectConfigurationPlatforms) = postSolution
		{88EFBA11-1207-46FB-B9A9-6701BCDF0A0B}.Debug|Any CPU.ActiveCfg = Debug|Any CPU
		{88EFBA11-1207-46FB-B9A9-6701BCDF0A0B}.Debug|Any CPU.Build.0 = Debug|Any CPU
		{88EFBA11-1207-46FB-B9A9-6701BCDF0A0B}.Release|Any CPU.ActiveCfg = Release|Any CPU
		{88EFBA11-1207-46FB-B9A9-6701BCDF0A0B}.Release|Any CPU.Build.0 = Release|Any CPU
		{B0648E4E-8065-4EF8-BCFD-9E6D529E541A}.Debug|Any CPU.ActiveCfg = Debug|Any CPU
		{B0648E4E-8065-4EF8-BCFD-9E6D529E541A}.Debug|Any CPU.Build.0 = Debug|Any CPU
		{B0648E4E-8065-4EF8-BCFD-9E6D529E541A}.Release|Any CPU.ActiveCfg = Release|Any CPU
		{B0648E4E-8065-4EF8-BCFD-9E6D529E541A}.Release|Any CPU.Build.0 = Release|Any CPU
		{0A3A93A1-A79C-4D08-8ACE-6E72B30C3AB7}.Debug|Any CPU.ActiveCfg = Debug|Any CPU
		{0A3A93A1-A79C-4D08-8ACE-6E72B30C3AB7}.Debug|Any CPU.Build.0 = Debug|Any CPU
		{0A3A93A1-A79C-4D08-8ACE-6E72B30C3AB7}.Release|Any CPU.ActiveCfg = Release|Any CPU
		{0A3A93A1-A79C-4D08-8ACE-6E72B30C3AB7}.Release|Any CPU.Build.0 = Release|Any CPU
		{C1D5718B-935E-4465-99AE-04838DEEA708}.Debug|Any CPU.ActiveCfg = Debug|Any CPU
		{C1D5718B-935E-4465-99AE-04838DEEA708}.Debug|Any CPU.Build.0 = Debug|Any CPU
		{C1D5718B-935E-4465-99AE-04838DEEA708}.Release|Any CPU.ActiveCfg = Release|Any CPU
		{C1D5718B-935E-4465-99AE-04838DEEA708}.Release|Any CPU.Build.0 = Release|Any CPU
		{6ACC2510-4853-4AD0-9FE7-8A926B33409A}.Debug|Any CPU.ActiveCfg = Debug|Any CPU
		{6ACC2510-4853-4AD0-9FE7-8A926B33409A}.Debug|Any CPU.Build.0 = Debug|Any CPU
		{6ACC2510-4853-4AD0-9FE7-8A926B33409A}.Release|Any CPU.ActiveCfg = Release|Any CPU
		{6ACC2510-4853-4AD0-9FE7-8A926B33409A}.Release|Any CPU.Build.0 = Release|Any CPU
		{CE9A4717-F92E-4B9D-B88B-B7085F063C6E}.Debug|Any CPU.ActiveCfg = Debug|Any CPU
		{CE9A4717-F92E-4B9D-B88B-B7085F063C6E}.Debug|Any CPU.Build.0 = Debug|Any CPU
		{CE9A4717-F92E-4B9D-B88B-B7085F063C6E}.Release|Any CPU.ActiveCfg = Release|Any CPU
		{CE9A4717-F92E-4B9D-B88B-B7085F063C6E}.Release|Any CPU.Build.0 = Release|Any CPU
		{99C1966A-6BB5-4C27-B863-855013CA0D10}.Debug|Any CPU.ActiveCfg = Debug|Any CPU
		{99C1966A-6BB5-4C27-B863-855013CA0D10}.Debug|Any CPU.Build.0 = Debug|Any CPU
		{99C1966A-6BB5-4C27-B863-855013CA0D10}.Release|Any CPU.ActiveCfg = Release|Any CPU
		{99C1966A-6BB5-4C27-B863-855013CA0D10}.Release|Any CPU.Build.0 = Release|Any CPU
		{2637F973-7F84-4D7A-A4E3-FBE83B66257D}.Debug|Any CPU.ActiveCfg = Debug|Any CPU
		{2637F973-7F84-4D7A-A4E3-FBE83B66257D}.Debug|Any CPU.Build.0 = Debug|Any CPU
		{2637F973-7F84-4D7A-A4E3-FBE83B66257D}.Release|Any CPU.ActiveCfg = Release|Any CPU
		{2637F973-7F84-4D7A-A4E3-FBE83B66257D}.Release|Any CPU.Build.0 = Release|Any CPU
		{8B96E0BD-5924-4569-8FAD-94B066A0E0DD}.Debug|Any CPU.ActiveCfg = Debug|Any CPU
		{8B96E0BD-5924-4569-8FAD-94B066A0E0DD}.Debug|Any CPU.Build.0 = Debug|Any CPU
		{8B96E0BD-5924-4569-8FAD-94B066A0E0DD}.Release|Any CPU.ActiveCfg = Release|Any CPU
		{8B96E0BD-5924-4569-8FAD-94B066A0E0DD}.Release|Any CPU.Build.0 = Release|Any CPU
		{1D23FA04-02E1-4060-A8B6-B259EF984605}.Debug|Any CPU.ActiveCfg = Debug|Any CPU
		{1D23FA04-02E1-4060-A8B6-B259EF984605}.Debug|Any CPU.Build.0 = Debug|Any CPU
		{1D23FA04-02E1-4060-A8B6-B259EF984605}.Release|Any CPU.ActiveCfg = Release|Any CPU
		{1D23FA04-02E1-4060-A8B6-B259EF984605}.Release|Any CPU.Build.0 = Release|Any CPU
		{0B4F6BDB-A7E7-4E28-8866-E2730C8A1C6D}.Debug|Any CPU.ActiveCfg = Debug|Any CPU
		{0B4F6BDB-A7E7-4E28-8866-E2730C8A1C6D}.Debug|Any CPU.Build.0 = Debug|Any CPU
		{0B4F6BDB-A7E7-4E28-8866-E2730C8A1C6D}.Release|Any CPU.ActiveCfg = Release|Any CPU
		{0B4F6BDB-A7E7-4E28-8866-E2730C8A1C6D}.Release|Any CPU.Build.0 = Release|Any CPU
		{895350D7-DCC2-431E-9A30-2E48A542E1E6}.Debug|Any CPU.ActiveCfg = Debug|Any CPU
		{895350D7-DCC2-431E-9A30-2E48A542E1E6}.Debug|Any CPU.Build.0 = Debug|Any CPU
		{895350D7-DCC2-431E-9A30-2E48A542E1E6}.Release|Any CPU.ActiveCfg = Release|Any CPU
		{895350D7-DCC2-431E-9A30-2E48A542E1E6}.Release|Any CPU.Build.0 = Release|Any CPU
		{80D0C45D-CD5C-4EAA-92BF-0946022DAE76}.Debug|Any CPU.ActiveCfg = Debug|Any CPU
		{80D0C45D-CD5C-4EAA-92BF-0946022DAE76}.Debug|Any CPU.Build.0 = Debug|Any CPU
		{80D0C45D-CD5C-4EAA-92BF-0946022DAE76}.Release|Any CPU.ActiveCfg = Release|Any CPU
		{80D0C45D-CD5C-4EAA-92BF-0946022DAE76}.Release|Any CPU.Build.0 = Release|Any CPU
		{52BDD5F4-5EAA-462F-9F40-D5902AD3B0C2}.Debug|Any CPU.ActiveCfg = Debug|Any CPU
		{52BDD5F4-5EAA-462F-9F40-D5902AD3B0C2}.Debug|Any CPU.Build.0 = Debug|Any CPU
		{52BDD5F4-5EAA-462F-9F40-D5902AD3B0C2}.Release|Any CPU.ActiveCfg = Release|Any CPU
		{52BDD5F4-5EAA-462F-9F40-D5902AD3B0C2}.Release|Any CPU.Build.0 = Release|Any CPU
		{E9ABDAE6-53B6-4880-9485-D9FB8756BFA9}.Debug|Any CPU.ActiveCfg = Debug|Any CPU
		{E9ABDAE6-53B6-4880-9485-D9FB8756BFA9}.Debug|Any CPU.Build.0 = Debug|Any CPU
		{E9ABDAE6-53B6-4880-9485-D9FB8756BFA9}.Release|Any CPU.ActiveCfg = Release|Any CPU
		{E9ABDAE6-53B6-4880-9485-D9FB8756BFA9}.Release|Any CPU.Build.0 = Release|Any CPU
		{7D6EE44F-C8E6-4929-BDB8-6D2067FFA56E}.Debug|Any CPU.ActiveCfg = Debug|Any CPU
		{7D6EE44F-C8E6-4929-BDB8-6D2067FFA56E}.Debug|Any CPU.Build.0 = Debug|Any CPU
		{7D6EE44F-C8E6-4929-BDB8-6D2067FFA56E}.Release|Any CPU.ActiveCfg = Release|Any CPU
		{7D6EE44F-C8E6-4929-BDB8-6D2067FFA56E}.Release|Any CPU.Build.0 = Release|Any CPU
		{3315171D-AD61-4FFD-BE9D-503DBC477822}.Debug|Any CPU.ActiveCfg = Debug|Any CPU
		{3315171D-AD61-4FFD-BE9D-503DBC477822}.Debug|Any CPU.Build.0 = Debug|Any CPU
		{3315171D-AD61-4FFD-BE9D-503DBC477822}.Release|Any CPU.ActiveCfg = Release|Any CPU
		{3315171D-AD61-4FFD-BE9D-503DBC477822}.Release|Any CPU.Build.0 = Release|Any CPU
		{9C519326-85D8-440A-B64B-67797DBA2F20}.Debug|Any CPU.ActiveCfg = Debug|Any CPU
		{9C519326-85D8-440A-B64B-67797DBA2F20}.Debug|Any CPU.Build.0 = Debug|Any CPU
		{9C519326-85D8-440A-B64B-67797DBA2F20}.Release|Any CPU.ActiveCfg = Release|Any CPU
		{9C519326-85D8-440A-B64B-67797DBA2F20}.Release|Any CPU.Build.0 = Release|Any CPU
		{1C8F2E0F-811A-42E4-B35A-FAAD19D8257A}.Debug|Any CPU.ActiveCfg = Debug|Any CPU
		{1C8F2E0F-811A-42E4-B35A-FAAD19D8257A}.Debug|Any CPU.Build.0 = Debug|Any CPU
		{1C8F2E0F-811A-42E4-B35A-FAAD19D8257A}.Release|Any CPU.ActiveCfg = Release|Any CPU
		{1C8F2E0F-811A-42E4-B35A-FAAD19D8257A}.Release|Any CPU.Build.0 = Release|Any CPU
		{2C375C22-4710-438F-A4C2-325C7D091710}.Debug|Any CPU.ActiveCfg = Debug|Any CPU
		{2C375C22-4710-438F-A4C2-325C7D091710}.Debug|Any CPU.Build.0 = Debug|Any CPU
		{2C375C22-4710-438F-A4C2-325C7D091710}.Release|Any CPU.ActiveCfg = Release|Any CPU
		{2C375C22-4710-438F-A4C2-325C7D091710}.Release|Any CPU.Build.0 = Release|Any CPU
		{BAAAAB60-49AE-4BFE-B176-408C86746474}.Debug|Any CPU.ActiveCfg = Debug|Any CPU
		{BAAAAB60-49AE-4BFE-B176-408C86746474}.Debug|Any CPU.Build.0 = Debug|Any CPU
		{BAAAAB60-49AE-4BFE-B176-408C86746474}.Release|Any CPU.ActiveCfg = Release|Any CPU
		{BAAAAB60-49AE-4BFE-B176-408C86746474}.Release|Any CPU.Build.0 = Release|Any CPU
		{0BE034FD-B68B-4D52-A0C5-29BCDBF543DC}.Debug|Any CPU.ActiveCfg = Debug|Any CPU
		{0BE034FD-B68B-4D52-A0C5-29BCDBF543DC}.Debug|Any CPU.Build.0 = Debug|Any CPU
		{0BE034FD-B68B-4D52-A0C5-29BCDBF543DC}.Release|Any CPU.ActiveCfg = Release|Any CPU
		{0BE034FD-B68B-4D52-A0C5-29BCDBF543DC}.Release|Any CPU.Build.0 = Release|Any CPU
		{285E08F2-2E5A-4226-B867-FD3DF7C52053}.Debug|Any CPU.ActiveCfg = Debug|Any CPU
		{285E08F2-2E5A-4226-B867-FD3DF7C52053}.Debug|Any CPU.Build.0 = Debug|Any CPU
		{285E08F2-2E5A-4226-B867-FD3DF7C52053}.Release|Any CPU.ActiveCfg = Release|Any CPU
		{285E08F2-2E5A-4226-B867-FD3DF7C52053}.Release|Any CPU.Build.0 = Release|Any CPU
		{ACE92892-8F86-44B1-8F78-3B1F8DDE7DD4}.Debug|Any CPU.ActiveCfg = Debug|Any CPU
		{ACE92892-8F86-44B1-8F78-3B1F8DDE7DD4}.Debug|Any CPU.Build.0 = Debug|Any CPU
		{ACE92892-8F86-44B1-8F78-3B1F8DDE7DD4}.Release|Any CPU.ActiveCfg = Release|Any CPU
		{ACE92892-8F86-44B1-8F78-3B1F8DDE7DD4}.Release|Any CPU.Build.0 = Release|Any CPU
		{1309FBA5-F93D-4F4B-9819-63D298B837FF}.Debug|Any CPU.ActiveCfg = Debug|Any CPU
		{1309FBA5-F93D-4F4B-9819-63D298B837FF}.Debug|Any CPU.Build.0 = Debug|Any CPU
		{1309FBA5-F93D-4F4B-9819-63D298B837FF}.Release|Any CPU.ActiveCfg = Release|Any CPU
		{1309FBA5-F93D-4F4B-9819-63D298B837FF}.Release|Any CPU.Build.0 = Release|Any CPU
		{0346A33A-BB28-4F3C-B788-2CF8C00CA048}.Debug|Any CPU.ActiveCfg = Debug|Any CPU
		{0346A33A-BB28-4F3C-B788-2CF8C00CA048}.Debug|Any CPU.Build.0 = Debug|Any CPU
		{0346A33A-BB28-4F3C-B788-2CF8C00CA048}.Release|Any CPU.ActiveCfg = Release|Any CPU
		{0346A33A-BB28-4F3C-B788-2CF8C00CA048}.Release|Any CPU.Build.0 = Release|Any CPU
		{C4D78D04-D99C-48D7-9339-1E2D0F616A4C}.Debug|Any CPU.ActiveCfg = Debug|Any CPU
		{C4D78D04-D99C-48D7-9339-1E2D0F616A4C}.Debug|Any CPU.Build.0 = Debug|Any CPU
		{C4D78D04-D99C-48D7-9339-1E2D0F616A4C}.Release|Any CPU.ActiveCfg = Release|Any CPU
		{C4D78D04-D99C-48D7-9339-1E2D0F616A4C}.Release|Any CPU.Build.0 = Release|Any CPU
		{5B60F95F-8A87-4166-8C75-1328E7063365}.Debug|Any CPU.ActiveCfg = Debug|Any CPU
		{5B60F95F-8A87-4166-8C75-1328E7063365}.Debug|Any CPU.Build.0 = Debug|Any CPU
		{5B60F95F-8A87-4166-8C75-1328E7063365}.Release|Any CPU.ActiveCfg = Release|Any CPU
		{5B60F95F-8A87-4166-8C75-1328E7063365}.Release|Any CPU.Build.0 = Release|Any CPU
		{2101DDC1-36A4-4D4E-A4D8-EF24D47116A4}.Debug|Any CPU.ActiveCfg = Debug|Any CPU
		{2101DDC1-36A4-4D4E-A4D8-EF24D47116A4}.Debug|Any CPU.Build.0 = Debug|Any CPU
		{2101DDC1-36A4-4D4E-A4D8-EF24D47116A4}.Release|Any CPU.ActiveCfg = Release|Any CPU
		{2101DDC1-36A4-4D4E-A4D8-EF24D47116A4}.Release|Any CPU.Build.0 = Release|Any CPU
		{18B6C20B-9C4B-4444-AD61-8DAF57012599}.Debug|Any CPU.ActiveCfg = Debug|Any CPU
		{18B6C20B-9C4B-4444-AD61-8DAF57012599}.Debug|Any CPU.Build.0 = Debug|Any CPU
		{18B6C20B-9C4B-4444-AD61-8DAF57012599}.Release|Any CPU.ActiveCfg = Release|Any CPU
		{18B6C20B-9C4B-4444-AD61-8DAF57012599}.Release|Any CPU.Build.0 = Release|Any CPU
		{9B2A773E-3A37-44F3-83D0-5D156526FA84}.Debug|Any CPU.ActiveCfg = Debug|Any CPU
		{9B2A773E-3A37-44F3-83D0-5D156526FA84}.Debug|Any CPU.Build.0 = Debug|Any CPU
		{9B2A773E-3A37-44F3-83D0-5D156526FA84}.Release|Any CPU.ActiveCfg = Release|Any CPU
		{9B2A773E-3A37-44F3-83D0-5D156526FA84}.Release|Any CPU.Build.0 = Release|Any CPU
		{C15BB589-9421-4D9C-A26D-61FF1BCD17AC}.Debug|Any CPU.ActiveCfg = Debug|Any CPU
		{C15BB589-9421-4D9C-A26D-61FF1BCD17AC}.Debug|Any CPU.Build.0 = Debug|Any CPU
		{C15BB589-9421-4D9C-A26D-61FF1BCD17AC}.Release|Any CPU.ActiveCfg = Release|Any CPU
		{C15BB589-9421-4D9C-A26D-61FF1BCD17AC}.Release|Any CPU.Build.0 = Release|Any CPU
		{3F114973-4E8D-4E90-88E8-EA681D6978BD}.Debug|Any CPU.ActiveCfg = Debug|Any CPU
		{3F114973-4E8D-4E90-88E8-EA681D6978BD}.Debug|Any CPU.Build.0 = Debug|Any CPU
		{3F114973-4E8D-4E90-88E8-EA681D6978BD}.Release|Any CPU.ActiveCfg = Release|Any CPU
		{3F114973-4E8D-4E90-88E8-EA681D6978BD}.Release|Any CPU.Build.0 = Release|Any CPU
		{28610D5E-173A-4A36-8E6E-C5CEFEBDD2B9}.Debug|Any CPU.ActiveCfg = Debug|Any CPU
		{28610D5E-173A-4A36-8E6E-C5CEFEBDD2B9}.Debug|Any CPU.Build.0 = Debug|Any CPU
		{28610D5E-173A-4A36-8E6E-C5CEFEBDD2B9}.Release|Any CPU.ActiveCfg = Release|Any CPU
		{28610D5E-173A-4A36-8E6E-C5CEFEBDD2B9}.Release|Any CPU.Build.0 = Release|Any CPU
		{6DD2FCA0-A52B-4BBB-A9A5-785461AB481C}.Debug|Any CPU.ActiveCfg = Debug|Any CPU
		{6DD2FCA0-A52B-4BBB-A9A5-785461AB481C}.Debug|Any CPU.Build.0 = Debug|Any CPU
		{6DD2FCA0-A52B-4BBB-A9A5-785461AB481C}.Release|Any CPU.ActiveCfg = Release|Any CPU
		{6DD2FCA0-A52B-4BBB-A9A5-785461AB481C}.Release|Any CPU.Build.0 = Release|Any CPU
		{8D626A3C-55CD-4FAF-B10E-E6771E33B764}.Debug|Any CPU.ActiveCfg = Debug|Any CPU
		{8D626A3C-55CD-4FAF-B10E-E6771E33B764}.Debug|Any CPU.Build.0 = Debug|Any CPU
		{8D626A3C-55CD-4FAF-B10E-E6771E33B764}.Release|Any CPU.ActiveCfg = Release|Any CPU
		{8D626A3C-55CD-4FAF-B10E-E6771E33B764}.Release|Any CPU.Build.0 = Release|Any CPU
		{55B3D29C-624E-47EA-8F36-22515181A618}.Debug|Any CPU.ActiveCfg = Debug|Any CPU
		{55B3D29C-624E-47EA-8F36-22515181A618}.Debug|Any CPU.Build.0 = Debug|Any CPU
		{55B3D29C-624E-47EA-8F36-22515181A618}.Release|Any CPU.ActiveCfg = Release|Any CPU
		{55B3D29C-624E-47EA-8F36-22515181A618}.Release|Any CPU.Build.0 = Release|Any CPU
		{41E51D79-AC4A-42A3-A55D-912DDB6F0FA9}.Debug|Any CPU.ActiveCfg = Debug|Any CPU
		{41E51D79-AC4A-42A3-A55D-912DDB6F0FA9}.Debug|Any CPU.Build.0 = Debug|Any CPU
		{41E51D79-AC4A-42A3-A55D-912DDB6F0FA9}.Release|Any CPU.ActiveCfg = Release|Any CPU
		{41E51D79-AC4A-42A3-A55D-912DDB6F0FA9}.Release|Any CPU.Build.0 = Release|Any CPU
		{D9F6A7BB-6E8E-4983-8007-3BC0D23016D0}.Debug|Any CPU.ActiveCfg = Debug|Any CPU
		{D9F6A7BB-6E8E-4983-8007-3BC0D23016D0}.Debug|Any CPU.Build.0 = Debug|Any CPU
		{D9F6A7BB-6E8E-4983-8007-3BC0D23016D0}.Release|Any CPU.ActiveCfg = Release|Any CPU
		{D9F6A7BB-6E8E-4983-8007-3BC0D23016D0}.Release|Any CPU.Build.0 = Release|Any CPU
		{56348217-F55C-4C61-8779-B94C009DC4BE}.Debug|Any CPU.ActiveCfg = Debug|Any CPU
		{56348217-F55C-4C61-8779-B94C009DC4BE}.Debug|Any CPU.Build.0 = Debug|Any CPU
		{56348217-F55C-4C61-8779-B94C009DC4BE}.Release|Any CPU.ActiveCfg = Release|Any CPU
		{56348217-F55C-4C61-8779-B94C009DC4BE}.Release|Any CPU.Build.0 = Release|Any CPU
		{9050F562-C77C-471E-8968-FAF2ED4E6F28}.Debug|Any CPU.ActiveCfg = Debug|Any CPU
		{9050F562-C77C-471E-8968-FAF2ED4E6F28}.Debug|Any CPU.Build.0 = Debug|Any CPU
		{9050F562-C77C-471E-8968-FAF2ED4E6F28}.Release|Any CPU.ActiveCfg = Release|Any CPU
		{9050F562-C77C-471E-8968-FAF2ED4E6F28}.Release|Any CPU.Build.0 = Release|Any CPU
		{0FE597F3-3495-440A-A16C-AC1F01CC7C89}.Debug|Any CPU.ActiveCfg = Debug|Any CPU
		{0FE597F3-3495-440A-A16C-AC1F01CC7C89}.Debug|Any CPU.Build.0 = Debug|Any CPU
		{0FE597F3-3495-440A-A16C-AC1F01CC7C89}.Release|Any CPU.ActiveCfg = Release|Any CPU
		{0FE597F3-3495-440A-A16C-AC1F01CC7C89}.Release|Any CPU.Build.0 = Release|Any CPU
		{64DB9A46-8DC1-4DE6-99EB-939A015DA2AD}.Debug|Any CPU.ActiveCfg = Debug|Any CPU
		{64DB9A46-8DC1-4DE6-99EB-939A015DA2AD}.Debug|Any CPU.Build.0 = Debug|Any CPU
		{64DB9A46-8DC1-4DE6-99EB-939A015DA2AD}.Release|Any CPU.ActiveCfg = Release|Any CPU
		{64DB9A46-8DC1-4DE6-99EB-939A015DA2AD}.Release|Any CPU.Build.0 = Release|Any CPU
		{DE25BE38-9AF4-4BB4-A12A-B2FB1D5D8C75}.Debug|Any CPU.ActiveCfg = Debug|Any CPU
		{DE25BE38-9AF4-4BB4-A12A-B2FB1D5D8C75}.Debug|Any CPU.Build.0 = Debug|Any CPU
		{DE25BE38-9AF4-4BB4-A12A-B2FB1D5D8C75}.Release|Any CPU.ActiveCfg = Release|Any CPU
		{DE25BE38-9AF4-4BB4-A12A-B2FB1D5D8C75}.Release|Any CPU.Build.0 = Release|Any CPU
		{86D4B1F6-3ACA-415E-A3C5-1DF3648F1EDC}.Debug|Any CPU.ActiveCfg = Debug|Any CPU
		{86D4B1F6-3ACA-415E-A3C5-1DF3648F1EDC}.Debug|Any CPU.Build.0 = Debug|Any CPU
		{86D4B1F6-3ACA-415E-A3C5-1DF3648F1EDC}.Release|Any CPU.ActiveCfg = Release|Any CPU
		{86D4B1F6-3ACA-415E-A3C5-1DF3648F1EDC}.Release|Any CPU.Build.0 = Release|Any CPU
		{C5B868E3-3428-42CB-B628-DF11A5F1B882}.Debug|Any CPU.ActiveCfg = Debug|Any CPU
		{C5B868E3-3428-42CB-B628-DF11A5F1B882}.Debug|Any CPU.Build.0 = Debug|Any CPU
		{C5B868E3-3428-42CB-B628-DF11A5F1B882}.Release|Any CPU.ActiveCfg = Release|Any CPU
		{C5B868E3-3428-42CB-B628-DF11A5F1B882}.Release|Any CPU.Build.0 = Release|Any CPU
	EndGlobalSection
	GlobalSection(SolutionProperties) = preSolution
		HideSolutionNode = FALSE
	EndGlobalSection
	GlobalSection(NestedProjects) = preSolution
		{88EFBA11-1207-46FB-B9A9-6701BCDF0A0B} = {09353A03-2B0C-496B-8EB1-2CB6A22D758B}
		{B0648E4E-8065-4EF8-BCFD-9E6D529E541A} = {D140FA14-A6C2-4279-8A41-35BC55279DA8}
		{C46E6DFF-6805-4D89-8A24-ECF596E9D1AA} = {88CC5098-E49F-4AA4-B964-1C2BF4ECA3C3}
		{0A3A93A1-A79C-4D08-8ACE-6E72B30C3AB7} = {C46E6DFF-6805-4D89-8A24-ECF596E9D1AA}
		{C1D5718B-935E-4465-99AE-04838DEEA708} = {C46E6DFF-6805-4D89-8A24-ECF596E9D1AA}
		{607B2309-5C15-4876-BBE5-14F03EA375E5} = {88CC5098-E49F-4AA4-B964-1C2BF4ECA3C3}
		{6ACC2510-4853-4AD0-9FE7-8A926B33409A} = {607B2309-5C15-4876-BBE5-14F03EA375E5}
		{CE9A4717-F92E-4B9D-B88B-B7085F063C6E} = {607B2309-5C15-4876-BBE5-14F03EA375E5}
		{99C1966A-6BB5-4C27-B863-855013CA0D10} = {607B2309-5C15-4876-BBE5-14F03EA375E5}
		{2637F973-7F84-4D7A-A4E3-FBE83B66257D} = {607B2309-5C15-4876-BBE5-14F03EA375E5}
		{8B96E0BD-5924-4569-8FAD-94B066A0E0DD} = {607B2309-5C15-4876-BBE5-14F03EA375E5}
		{1D23FA04-02E1-4060-A8B6-B259EF984605} = {09353A03-2B0C-496B-8EB1-2CB6A22D758B}
		{0B4F6BDB-A7E7-4E28-8866-E2730C8A1C6D} = {09353A03-2B0C-496B-8EB1-2CB6A22D758B}
		{895350D7-DCC2-431E-9A30-2E48A542E1E6} = {D140FA14-A6C2-4279-8A41-35BC55279DA8}
		{80D0C45D-CD5C-4EAA-92BF-0946022DAE76} = {D140FA14-A6C2-4279-8A41-35BC55279DA8}
		{52BDD5F4-5EAA-462F-9F40-D5902AD3B0C2} = {09353A03-2B0C-496B-8EB1-2CB6A22D758B}
		{E9ABDAE6-53B6-4880-9485-D9FB8756BFA9} = {09353A03-2B0C-496B-8EB1-2CB6A22D758B}
		{7D6EE44F-C8E6-4929-BDB8-6D2067FFA56E} = {D140FA14-A6C2-4279-8A41-35BC55279DA8}
		{3315171D-AD61-4FFD-BE9D-503DBC477822} = {09353A03-2B0C-496B-8EB1-2CB6A22D758B}
		{9C519326-85D8-440A-B64B-67797DBA2F20} = {D140FA14-A6C2-4279-8A41-35BC55279DA8}
		{1C8F2E0F-811A-42E4-B35A-FAAD19D8257A} = {D140FA14-A6C2-4279-8A41-35BC55279DA8}
		{2C375C22-4710-438F-A4C2-325C7D091710} = {09353A03-2B0C-496B-8EB1-2CB6A22D758B}
		{BAAAAB60-49AE-4BFE-B176-408C86746474} = {D140FA14-A6C2-4279-8A41-35BC55279DA8}
		{0BE034FD-B68B-4D52-A0C5-29BCDBF543DC} = {09353A03-2B0C-496B-8EB1-2CB6A22D758B}
		{285E08F2-2E5A-4226-B867-FD3DF7C52053} = {D140FA14-A6C2-4279-8A41-35BC55279DA8}
		{ACE92892-8F86-44B1-8F78-3B1F8DDE7DD4} = {09353A03-2B0C-496B-8EB1-2CB6A22D758B}
		{1309FBA5-F93D-4F4B-9819-63D298B837FF} = {D140FA14-A6C2-4279-8A41-35BC55279DA8}
		{0346A33A-BB28-4F3C-B788-2CF8C00CA048} = {09353A03-2B0C-496B-8EB1-2CB6A22D758B}
		{C4D78D04-D99C-48D7-9339-1E2D0F616A4C} = {09353A03-2B0C-496B-8EB1-2CB6A22D758B}
		{5B60F95F-8A87-4166-8C75-1328E7063365} = {09353A03-2B0C-496B-8EB1-2CB6A22D758B}
		{2101DDC1-36A4-4D4E-A4D8-EF24D47116A4} = {09353A03-2B0C-496B-8EB1-2CB6A22D758B}
		{18B6C20B-9C4B-4444-AD61-8DAF57012599} = {09353A03-2B0C-496B-8EB1-2CB6A22D758B}
		{9B2A773E-3A37-44F3-83D0-5D156526FA84} = {09353A03-2B0C-496B-8EB1-2CB6A22D758B}
		{C15BB589-9421-4D9C-A26D-61FF1BCD17AC} = {09353A03-2B0C-496B-8EB1-2CB6A22D758B}
		{3F114973-4E8D-4E90-88E8-EA681D6978BD} = {D140FA14-A6C2-4279-8A41-35BC55279DA8}
		{28610D5E-173A-4A36-8E6E-C5CEFEBDD2B9} = {D140FA14-A6C2-4279-8A41-35BC55279DA8}
		{6DD2FCA0-A52B-4BBB-A9A5-785461AB481C} = {D140FA14-A6C2-4279-8A41-35BC55279DA8}
		{8D626A3C-55CD-4FAF-B10E-E6771E33B764} = {D140FA14-A6C2-4279-8A41-35BC55279DA8}
		{55B3D29C-624E-47EA-8F36-22515181A618} = {D140FA14-A6C2-4279-8A41-35BC55279DA8}
		{41E51D79-AC4A-42A3-A55D-912DDB6F0FA9} = {D140FA14-A6C2-4279-8A41-35BC55279DA8}
		{D9F6A7BB-6E8E-4983-8007-3BC0D23016D0} = {D140FA14-A6C2-4279-8A41-35BC55279DA8}
		{56348217-F55C-4C61-8779-B94C009DC4BE} = {D140FA14-A6C2-4279-8A41-35BC55279DA8}
		{9050F562-C77C-471E-8968-FAF2ED4E6F28} = {09353A03-2B0C-496B-8EB1-2CB6A22D758B}
		{0FE597F3-3495-440A-A16C-AC1F01CC7C89} = {D140FA14-A6C2-4279-8A41-35BC55279DA8}
		{64DB9A46-8DC1-4DE6-99EB-939A015DA2AD} = {09353A03-2B0C-496B-8EB1-2CB6A22D758B}
		{DE25BE38-9AF4-4BB4-A12A-B2FB1D5D8C75} = {D140FA14-A6C2-4279-8A41-35BC55279DA8}
		{86D4B1F6-3ACA-415E-A3C5-1DF3648F1EDC} = {09353A03-2B0C-496B-8EB1-2CB6A22D758B}
		{C5B868E3-3428-42CB-B628-DF11A5F1B882} = {D140FA14-A6C2-4279-8A41-35BC55279DA8}
	EndGlobalSection
EndGlobal
