
Microsoft Visual Studio Solution File, Format Version 12.00
# Visual Studio 14
VisualStudioVersion = 14.0.25123.0
MinimumVisualStudioVersion = 10.0.40219.1
Project("{2150E333-8FDC-42A3-9474-1A3956D46DE8}") = "src", "src", "{09353A03-2B0C-496B-8EB1-2CB6A22D758B}"
EndProject
Project("{2150E333-8FDC-42A3-9474-1A3956D46DE8}") = "global", "global", "{F56DE080-6909-4DD0-983D-2BCAD849BE93}"
	ProjectSection(SolutionItems) = preProject
		global.json = global.json
	EndProjectSection
EndProject
Project("{2150E333-8FDC-42A3-9474-1A3956D46DE8}") = "test", "test", "{D140FA14-A6C2-4279-8A41-35BC55279DA8}"
EndProject
Project("{8BB2217D-0F2D-49D1-97BC-3654ED321F3B}") = "MyTested.Mvc", "src\MyTested.Mvc\MyTested.Mvc.xproj", "{88EFBA11-1207-46FB-B9A9-6701BCDF0A0B}"
EndProject
Project("{8BB2217D-0F2D-49D1-97BC-3654ED321F3B}") = "MyTested.Mvc.Test", "test\MyTested.Mvc.Test\MyTested.Mvc.Test.xproj", "{B0648E4E-8065-4EF8-BCFD-9E6D529E541A}"
EndProject
Project("{2150E333-8FDC-42A3-9474-1A3956D46DE8}") = "samples", "samples", "{88CC5098-E49F-4AA4-B964-1C2BF4ECA3C3}"
EndProject
Project("{2150E333-8FDC-42A3-9474-1A3956D46DE8}") = "MusicStore", "MusicStore", "{C46E6DFF-6805-4D89-8A24-ECF596E9D1AA}"
EndProject
Project("{8BB2217D-0F2D-49D1-97BC-3654ED321F3B}") = "MusicStore.Test", "samples\MusicStore\MusicStore.Test\MusicStore.Test.xproj", "{0A3A93A1-A79C-4D08-8ACE-6E72B30C3AB7}"
EndProject
Project("{8BB2217D-0F2D-49D1-97BC-3654ED321F3B}") = "MusicStore.Web", "samples\MusicStore\MusicStore.Web\MusicStore.Web.xproj", "{C1D5718B-935E-4465-99AE-04838DEEA708}"
EndProject
Project("{2150E333-8FDC-42A3-9474-1A3956D46DE8}") = "ApplicationParts", "ApplicationParts", "{607B2309-5C15-4876-BBE5-14F03EA375E5}"
EndProject
Project("{8BB2217D-0F2D-49D1-97BC-3654ED321F3B}") = "ApplicationParts.Web", "samples\ApplicationParts\ApplicationParts.Web\ApplicationParts.Web.xproj", "{6ACC2510-4853-4AD0-9FE7-8A926B33409A}"
EndProject
Project("{8BB2217D-0F2D-49D1-97BC-3654ED321F3B}") = "ApplicationParts.Controllers", "samples\ApplicationParts\ApplicationParts.Controllers\ApplicationParts.Controllers.xproj", "{CE9A4717-F92E-4B9D-B88B-B7085F063C6E}"
EndProject
Project("{8BB2217D-0F2D-49D1-97BC-3654ED321F3B}") = "ApplicationParts.Models", "samples\ApplicationParts\ApplicationParts.Models\ApplicationParts.Models.xproj", "{99C1966A-6BB5-4C27-B863-855013CA0D10}"
EndProject
Project("{8BB2217D-0F2D-49D1-97BC-3654ED321F3B}") = "ApplicationParts.Services", "samples\ApplicationParts\ApplicationParts.Services\ApplicationParts.Services.xproj", "{2637F973-7F84-4D7A-A4E3-FBE83B66257D}"
EndProject
Project("{8BB2217D-0F2D-49D1-97BC-3654ED321F3B}") = "ApplicationParts.Test", "samples\ApplicationParts\ApplicationParts.Test\ApplicationParts.Test.xproj", "{8B96E0BD-5924-4569-8FAD-94B066A0E0DD}"
EndProject
Global
	GlobalSection(SolutionConfigurationPlatforms) = preSolution
		Debug|Any CPU = Debug|Any CPU
		Release|Any CPU = Release|Any CPU
	EndGlobalSection
	GlobalSection(ProjectConfigurationPlatforms) = postSolution
		{88EFBA11-1207-46FB-B9A9-6701BCDF0A0B}.Debug|Any CPU.ActiveCfg = Debug|Any CPU
		{88EFBA11-1207-46FB-B9A9-6701BCDF0A0B}.Debug|Any CPU.Build.0 = Debug|Any CPU
		{88EFBA11-1207-46FB-B9A9-6701BCDF0A0B}.Release|Any CPU.ActiveCfg = Release|Any CPU
		{88EFBA11-1207-46FB-B9A9-6701BCDF0A0B}.Release|Any CPU.Build.0 = Release|Any CPU
		{B0648E4E-8065-4EF8-BCFD-9E6D529E541A}.Debug|Any CPU.ActiveCfg = Debug|Any CPU
		{B0648E4E-8065-4EF8-BCFD-9E6D529E541A}.Debug|Any CPU.Build.0 = Debug|Any CPU
		{B0648E4E-8065-4EF8-BCFD-9E6D529E541A}.Release|Any CPU.ActiveCfg = Release|Any CPU
		{B0648E4E-8065-4EF8-BCFD-9E6D529E541A}.Release|Any CPU.Build.0 = Release|Any CPU
		{0A3A93A1-A79C-4D08-8ACE-6E72B30C3AB7}.Debug|Any CPU.ActiveCfg = Debug|Any CPU
		{0A3A93A1-A79C-4D08-8ACE-6E72B30C3AB7}.Debug|Any CPU.Build.0 = Debug|Any CPU
		{0A3A93A1-A79C-4D08-8ACE-6E72B30C3AB7}.Release|Any CPU.ActiveCfg = Release|Any CPU
		{0A3A93A1-A79C-4D08-8ACE-6E72B30C3AB7}.Release|Any CPU.Build.0 = Release|Any CPU
		{C1D5718B-935E-4465-99AE-04838DEEA708}.Debug|Any CPU.ActiveCfg = Debug|Any CPU
		{C1D5718B-935E-4465-99AE-04838DEEA708}.Debug|Any CPU.Build.0 = Debug|Any CPU
		{C1D5718B-935E-4465-99AE-04838DEEA708}.Release|Any CPU.ActiveCfg = Release|Any CPU
		{C1D5718B-935E-4465-99AE-04838DEEA708}.Release|Any CPU.Build.0 = Release|Any CPU
		{6ACC2510-4853-4AD0-9FE7-8A926B33409A}.Debug|Any CPU.ActiveCfg = Debug|Any CPU
		{6ACC2510-4853-4AD0-9FE7-8A926B33409A}.Debug|Any CPU.Build.0 = Debug|Any CPU
		{6ACC2510-4853-4AD0-9FE7-8A926B33409A}.Release|Any CPU.ActiveCfg = Release|Any CPU
		{6ACC2510-4853-4AD0-9FE7-8A926B33409A}.Release|Any CPU.Build.0 = Release|Any CPU
		{CE9A4717-F92E-4B9D-B88B-B7085F063C6E}.Debug|Any CPU.ActiveCfg = Debug|Any CPU
		{CE9A4717-F92E-4B9D-B88B-B7085F063C6E}.Debug|Any CPU.Build.0 = Debug|Any CPU
		{CE9A4717-F92E-4B9D-B88B-B7085F063C6E}.Release|Any CPU.ActiveCfg = Release|Any CPU
		{CE9A4717-F92E-4B9D-B88B-B7085F063C6E}.Release|Any CPU.Build.0 = Release|Any CPU
		{99C1966A-6BB5-4C27-B863-855013CA0D10}.Debug|Any CPU.ActiveCfg = Debug|Any CPU
		{99C1966A-6BB5-4C27-B863-855013CA0D10}.Debug|Any CPU.Build.0 = Debug|Any CPU
		{99C1966A-6BB5-4C27-B863-855013CA0D10}.Release|Any CPU.ActiveCfg = Release|Any CPU
		{99C1966A-6BB5-4C27-B863-855013CA0D10}.Release|Any CPU.Build.0 = Release|Any CPU
		{2637F973-7F84-4D7A-A4E3-FBE83B66257D}.Debug|Any CPU.ActiveCfg = Debug|Any CPU
		{2637F973-7F84-4D7A-A4E3-FBE83B66257D}.Debug|Any CPU.Build.0 = Debug|Any CPU
		{2637F973-7F84-4D7A-A4E3-FBE83B66257D}.Release|Any CPU.ActiveCfg = Release|Any CPU
		{2637F973-7F84-4D7A-A4E3-FBE83B66257D}.Release|Any CPU.Build.0 = Release|Any CPU
		{8B96E0BD-5924-4569-8FAD-94B066A0E0DD}.Debug|Any CPU.ActiveCfg = Debug|Any CPU
		{8B96E0BD-5924-4569-8FAD-94B066A0E0DD}.Debug|Any CPU.Build.0 = Debug|Any CPU
		{8B96E0BD-5924-4569-8FAD-94B066A0E0DD}.Release|Any CPU.ActiveCfg = Release|Any CPU
		{8B96E0BD-5924-4569-8FAD-94B066A0E0DD}.Release|Any CPU.Build.0 = Release|Any CPU
	EndGlobalSection
	GlobalSection(SolutionProperties) = preSolution
		HideSolutionNode = FALSE
	EndGlobalSection
	GlobalSection(NestedProjects) = preSolution
		{88EFBA11-1207-46FB-B9A9-6701BCDF0A0B} = {09353A03-2B0C-496B-8EB1-2CB6A22D758B}
		{B0648E4E-8065-4EF8-BCFD-9E6D529E541A} = {D140FA14-A6C2-4279-8A41-35BC55279DA8}
		{C46E6DFF-6805-4D89-8A24-ECF596E9D1AA} = {88CC5098-E49F-4AA4-B964-1C2BF4ECA3C3}
		{0A3A93A1-A79C-4D08-8ACE-6E72B30C3AB7} = {C46E6DFF-6805-4D89-8A24-ECF596E9D1AA}
		{C1D5718B-935E-4465-99AE-04838DEEA708} = {C46E6DFF-6805-4D89-8A24-ECF596E9D1AA}
		{607B2309-5C15-4876-BBE5-14F03EA375E5} = {88CC5098-E49F-4AA4-B964-1C2BF4ECA3C3}
		{6ACC2510-4853-4AD0-9FE7-8A926B33409A} = {607B2309-5C15-4876-BBE5-14F03EA375E5}
		{CE9A4717-F92E-4B9D-B88B-B7085F063C6E} = {607B2309-5C15-4876-BBE5-14F03EA375E5}
		{99C1966A-6BB5-4C27-B863-855013CA0D10} = {607B2309-5C15-4876-BBE5-14F03EA375E5}
		{2637F973-7F84-4D7A-A4E3-FBE83B66257D} = {607B2309-5C15-4876-BBE5-14F03EA375E5}
		{8B96E0BD-5924-4569-8FAD-94B066A0E0DD} = {607B2309-5C15-4876-BBE5-14F03EA375E5}
	EndGlobalSection
EndGlobal
