
Microsoft Visual Studio Solution File, Format Version 12.00
# Visual Studio 14
VisualStudioVersion = 14.0.24720.0
MinimumVisualStudioVersion = 10.0.40219.1
Project("{2150E333-8FDC-42A3-9474-1A3956D46DE8}") = "src", "src", "{09353A03-2B0C-496B-8EB1-2CB6A22D758B}"
EndProject
Project("{2150E333-8FDC-42A3-9474-1A3956D46DE8}") = "Solution Items", "Solution Items", "{F56DE080-6909-4DD0-983D-2BCAD849BE93}"
	ProjectSection(SolutionItems) = preProject
		global.json = global.json
	EndProjectSection
EndProject
Project("{2150E333-8FDC-42A3-9474-1A3956D46DE8}") = "test", "test", "{D140FA14-A6C2-4279-8A41-35BC55279DA8}"
EndProject
Project("{8BB2217D-0F2D-49D1-97BC-3654ED321F3B}") = "MyTested.Mvc", "src\MyTested.Mvc\MyTested.Mvc.xproj", "{88EFBA11-1207-46FB-B9A9-6701BCDF0A0B}"
EndProject
Project("{8BB2217D-0F2D-49D1-97BC-3654ED321F3B}") = "MyTested.Mvc.Test", "test\MyTested.Mvc.Test\MyTested.Mvc.Test.xproj", "{B0648E4E-8065-4EF8-BCFD-9E6D529E541A}"
EndProject
Global
	GlobalSection(SolutionConfigurationPlatforms) = preSolution
		Debug|Any CPU = Debug|Any CPU
		Release|Any CPU = Release|Any CPU
	EndGlobalSection
	GlobalSection(ProjectConfigurationPlatforms) = postSolution
		{88EFBA11-1207-46FB-B9A9-6701BCDF0A0B}.Debug|Any CPU.ActiveCfg = Debug|Any CPU
		{88EFBA11-1207-46FB-B9A9-6701BCDF0A0B}.Debug|Any CPU.Build.0 = Debug|Any CPU
		{88EFBA11-1207-46FB-B9A9-6701BCDF0A0B}.Release|Any CPU.ActiveCfg = Release|Any CPU
		{88EFBA11-1207-46FB-B9A9-6701BCDF0A0B}.Release|Any CPU.Build.0 = Release|Any CPU
		{B0648E4E-8065-4EF8-BCFD-9E6D529E541A}.Debug|Any CPU.ActiveCfg = Debug|Any CPU
		{B0648E4E-8065-4EF8-BCFD-9E6D529E541A}.Debug|Any CPU.Build.0 = Debug|Any CPU
		{B0648E4E-8065-4EF8-BCFD-9E6D529E541A}.Release|Any CPU.ActiveCfg = Release|Any CPU
		{B0648E4E-8065-4EF8-BCFD-9E6D529E541A}.Release|Any CPU.Build.0 = Release|Any CPU
	EndGlobalSection
	GlobalSection(SolutionProperties) = preSolution
		HideSolutionNode = FALSE
	EndGlobalSection
	GlobalSection(NestedProjects) = preSolution
		{88EFBA11-1207-46FB-B9A9-6701BCDF0A0B} = {09353A03-2B0C-496B-8EB1-2CB6A22D758B}
		{B0648E4E-8065-4EF8-BCFD-9E6D529E541A} = {D140FA14-A6C2-4279-8A41-35BC55279DA8}
	EndGlobalSection
EndGlobal
